
Microsoft Visual Studio Solution File, Format Version 12.00
# Visual Studio Version 17
VisualStudioVersion = 17.9.34728.123
MinimumVisualStudioVersion = 10.0.40219.1
Project("{FAE04EC0-301F-11D3-BF4B-00C04F79EFBC}") = "Toy2 ERP", "Toy2 ERP\Toy2 ERP.csproj", "{A760F6F9-D917-46A6-A7BD-460F2AF7F11C}"
EndProject
Global
	GlobalSection(SolutionConfigurationPlatforms) = preSolution
		Debug|Any CPU = Debug|Any CPU
		Release|Any CPU = Release|Any CPU
	EndGlobalSection
	GlobalSection(ProjectConfigurationPlatforms) = postSolution
		{A760F6F9-D917-46A6-A7BD-460F2AF7F11C}.Debug|Any CPU.ActiveCfg = Debug|Any CPU
		{A760F6F9-D917-46A6-A7BD-460F2AF7F11C}.Debug|Any CPU.Build.0 = Debug|Any CPU
		{A760F6F9-D917-46A6-A7BD-460F2AF7F11C}.Release|Any CPU.ActiveCfg = Release|Any CPU
		{A760F6F9-D917-46A6-A7BD-460F2AF7F11C}.Release|Any CPU.Build.0 = Release|Any CPU
	EndGlobalSection
	GlobalSection(SolutionProperties) = preSolution
		HideSolutionNode = FALSE
	EndGlobalSection
	GlobalSection(ExtensibilityGlobals) = postSolution
		SolutionGuid = {4C420AD9-8DF1-4A19-8154-764A8E315837}
	EndGlobalSection
EndGlobal
